Microsoft Visual Studio Solution File, Format Version 12.00
# Visual Studio Version 17
VisualStudioVersion = 17.5.2.0
MinimumVisualStudioVersion = 10.0.40219.1
Project("{FAE04EC0-301F-11D3-BF4B-00C04F79EFBC}") = "ActividadUnoProcesamientoPagos", "ActividadUnoProcesamientoPagos.csproj", "{7FA63047-BCF0-605A-2DD7-82ED948A4265}"
EndProject
Global
	GlobalSection(SolutionConfigurationPlatforms) = preSolution
		Debug|Any CPU = Debug|Any CPU
		Release|Any CPU = Release|Any CPU
	EndGlobalSection
	GlobalSection(ProjectConfigurationPlatforms) = postSolution
		{7FA63047-BCF0-605A-2DD7-82ED948A4265}.Debug|Any CPU.ActiveCfg = Debug|Any CPU
		{7FA63047-BCF0-605A-2DD7-82ED948A4265}.Debug|Any CPU.Build.0 = Debug|Any CPU
		{7FA63047-BCF0-605A-2DD7-82ED948A4265}.Release|Any CPU.ActiveCfg = Release|Any CPU
		{7FA63047-BCF0-605A-2DD7-82ED948A4265}.Release|Any CPU.Build.0 = Release|Any CPU
	EndGlobalSection
	GlobalSection(SolutionProperties) = preSolution
		HideSolutionNode = FALSE
	EndGlobalSection
	GlobalSection(ExtensibilityGlobals) = postSolution
		SolutionGuid = {D2C018E3-054E-44B7-AEE0-D6E322023DE3}
	EndGlobalSection
EndGlobal
